
Microsoft Visual Studio Solution File, Format Version 12.00
# Visual Studio Version 17
VisualStudioVersion = 17.1.32228.430
MinimumVisualStudioVersion = 10.0.40219.1
Project("{2150E333-8FDC-42A3-9474-1A3956D46DE8}") = "src", "src", "{B317C41D-5B33-411D-AA35-9A41EC366872}"
EndProject
Project("{9A19103F-16F7-4668-BE54-9A1E7A4F7556}") = "XboxCsMgr.Client", "src\XboxCsMgr.Client\XboxCsMgr.Client.csproj", "{2A8484E9-1381-4A12-A5A4-DFAD08AD0216}"
EndProject
Project("{9A19103F-16F7-4668-BE54-9A1E7A4F7556}") = "XboxCsMgr.XboxLive", "src\XboxCsMgr.XboxLive\XboxCsMgr.XboxLive.csproj", "{7629B040-93ED-46DB-8630-B24AEB25766E}"
EndProject
Project("{FAE04EC0-301F-11D3-BF4B-00C04F79EFBC}") = "XboxCsMgr.Helpers", "src\XboxCsMgr.Helpers\XboxCsMgr.Helpers.csproj", "{95183C5D-4822-499D-9B43-19C552B75C4B}"
EndProject
Project("{2150E333-8FDC-42A3-9474-1A3956D46DE8}") = "Solution Items", "Solution Items", "{E49FA278-609B-4E48-816A-21897E168EC3}"
	ProjectSection(SolutionItems) = preProject
		README.md = README.md
	EndProjectSection
EndProject
Global
	GlobalSection(SolutionConfigurationPlatforms) = preSolution
		Debug|Any CPU = Debug|Any CPU
		Release|Any CPU = Release|Any CPU
	EndGlobalSection
	GlobalSection(ProjectConfigurationPlatforms) = postSolution
		{2A8484E9-1381-4A12-A5A4-DFAD08AD0216}.Debug|Any CPU.ActiveCfg = Debug|Any CPU
		{2A8484E9-1381-4A12-A5A4-DFAD08AD0216}.Debug|Any CPU.Build.0 = Debug|Any CPU
		{2A8484E9-1381-4A12-A5A4-DFAD08AD0216}.Release|Any CPU.ActiveCfg = Release|Any CPU
		{2A8484E9-1381-4A12-A5A4-DFAD08AD0216}.Release|Any CPU.Build.0 = Release|Any CPU
		{7629B040-93ED-46DB-8630-B24AEB25766E}.Debug|Any CPU.ActiveCfg = Debug|Any CPU
		{7629B040-93ED-46DB-8630-B24AEB25766E}.Debug|Any CPU.Build.0 = Debug|Any CPU
		{7629B040-93ED-46DB-8630-B24AEB25766E}.Release|Any CPU.ActiveCfg = Release|Any CPU
		{7629B040-93ED-46DB-8630-B24AEB25766E}.Release|Any CPU.Build.0 = Release|Any CPU
		{95183C5D-4822-499D-9B43-19C552B75C4B}.Debug|Any CPU.ActiveCfg = Debug|Any CPU
		{95183C5D-4822-499D-9B43-19C552B75C4B}.Debug|Any CPU.Build.0 = Debug|Any CPU
		{95183C5D-4822-499D-9B43-19C552B75C4B}.Release|Any CPU.ActiveCfg = Release|Any CPU
		{95183C5D-4822-499D-9B43-19C552B75C4B}.Release|Any CPU.Build.0 = Release|Any CPU
	EndGlobalSection
	GlobalSection(SolutionProperties) = preSolution
		HideSolutionNode = FALSE
	EndGlobalSection
	GlobalSection(NestedProjects) = preSolution
		{2A8484E9-1381-4A12-A5A4-DFAD08AD0216} = {B317C41D-5B33-411D-AA35-9A41EC366872}
		{7629B040-93ED-46DB-8630-B24AEB25766E} = {B317C41D-5B33-411D-AA35-9A41EC366872}
		{95183C5D-4822-499D-9B43-19C552B75C4B} = {B317C41D-5B33-411D-AA35-9A41EC366872}
	EndGlobalSection
	GlobalSection(ExtensibilityGlobals) = postSolution
		SolutionGuid = {D70738B5-1C98-4BE8-9DEC-C5431B2316A7}
	EndGlobalSection
EndGlobal
